Microsoft Visual Studio Solution File, Format Version 12.00
# Visual Studio Version 17
VisualStudioVersion = 17.5.2.0
MinimumVisualStudioVersion = 10.0.40219.1
Project("{FAE04EC0-301F-11D3-BF4B-00C04F79EFBC}") = "Job-Posting_Project", "Job-Posting_Project.csproj", "{CC6E5EF2-DA62-D7B5-3384-62CD691277DA}"
EndProject
Global
	GlobalSection(SolutionConfigurationPlatforms) = preSolution
		Debug|Any CPU = Debug|Any CPU
		Release|Any CPU = Release|Any CPU
	EndGlobalSection
	GlobalSection(ProjectConfigurationPlatforms) = postSolution
		{CC6E5EF2-DA62-D7B5-3384-62CD691277DA}.Debug|Any CPU.ActiveCfg = Debug|Any CPU
		{CC6E5EF2-DA62-D7B5-3384-62CD691277DA}.Debug|Any CPU.Build.0 = Debug|Any CPU
		{CC6E5EF2-DA62-D7B5-3384-62CD691277DA}.Release|Any CPU.ActiveCfg = Release|Any CPU
		{CC6E5EF2-DA62-D7B5-3384-62CD691277DA}.Release|Any CPU.Build.0 = Release|Any CPU
	EndGlobalSection
	GlobalSection(SolutionProperties) = preSolution
		HideSolutionNode = FALSE
	EndGlobalSection
	GlobalSection(ExtensibilityGlobals) = postSolution
		SolutionGuid = {B555BA4F-EEA2-4AAE-AC06-83A0C7E8CA62}
	EndGlobalSection
EndGlobal
